
Microsoft Visual Studio Solution File, Format Version 12.00
# Visual Studio Version 16
VisualStudioVersion = 16.0.31424.327
MinimumVisualStudioVersion = 10.0.40219.1
Project("{8BC9CEB8-8B4A-11D0-8D11-00A0C91BC942}") = "EventHandling", "EventHandling\EventHandling.vcxproj", "{6512E4BC-FBF2-43E0-9863-948C8AE02F54}"
EndProject
Global
	GlobalSection(SolutionConfigurationPlatforms) = preSolution
		Debug|x64 = Debug|x64
		Debug|x86 = Debug|x86
		Release|x64 = Release|x64
		Release|x86 = Release|x86
	EndGlobalSection
	GlobalSection(ProjectConfigurationPlatforms) = postSolution
		{6512E4BC-FBF2-43E0-9863-948C8AE02F54}.Debug|x64.ActiveCfg = Debug|x64
		{6512E4BC-FBF2-43E0-9863-948C8AE02F54}.Debug|x64.Build.0 = Debug|x64
		{6512E4BC-FBF2-43E0-9863-948C8AE02F54}.Debug|x86.ActiveCfg = Debug|Win32
		{6512E4BC-FBF2-43E0-9863-948C8AE02F54}.Debug|x86.Build.0 = Debug|Win32
		{6512E4BC-FBF2-43E0-9863-948C8AE02F54}.Release|x64.ActiveCfg = Release|x64
		{6512E4BC-FBF2-43E0-9863-948C8AE02F54}.Release|x64.Build.0 = Release|x64
		{6512E4BC-FBF2-43E0-9863-948C8AE02F54}.Release|x86.ActiveCfg = Release|Win32
		{6512E4BC-FBF2-43E0-9863-948C8AE02F54}.Release|x86.Build.0 = Release|Win32
	EndGlobalSection
	GlobalSection(SolutionProperties) = preSolution
		HideSolutionNode = FALSE
	EndGlobalSection
	GlobalSection(ExtensibilityGlobals) = postSolution
		SolutionGuid = {8315E570-3B2D-418A-967E-F241623DDCA4}
	EndGlobalSection
EndGlobal
